// !$*UTF8*$!
{
	archiveVersion = 1;
	classes = {
	};
	objectVersion = 56;
	objects = {

/* Begin PBXBuildFile section */
		BE45CB9B2AC2FD26009C5511 /* ScreenState.swift in Sources */ = {isa = PBXBuildFile; fileRef = BE45CB9A2AC2FD26009C5511 /* ScreenState.swift */; };
		BE45CB9D2AC303AA009C5511 /* AlertService.swift in Sources */ = {isa = PBXBuildFile; fileRef = BE45CB9C2AC303A9009C5511 /* AlertService.swift */; };
		BE45CBA02AC30721009C5511 /* ProgressHUD in Frameworks */ = {isa = PBXBuildFile; productRef = BE45CB9F2AC30721009C5511 /* ProgressHUD */; };
		BE45CBA22AC30AAD009C5511 /* MainNavigationController.swift in Sources */ = {isa = PBXBuildFile; fileRef = BE45CBA12AC30AAD009C5511 /* MainNavigationController.swift */; };
		BE7D19FC2AC184B1007518F9 /* AppDelegate.swift in Sources */ = {isa = PBXBuildFile; fileRef = BE7D19FB2AC184B1007518F9 /* AppDelegate.swift */; };
		BE7D19FE2AC184B2007518F9 /* SceneDelegate.swift in Sources */ = {isa = PBXBuildFile; fileRef = BE7D19FD2AC184B2007518F9 /* SceneDelegate.swift */; };
		BE7D1A002AC184B2007518F9 /* AdvertisementsListViewController.swift in Sources */ = {isa = PBXBuildFile; fileRef = BE7D19FF2AC184B2007518F9 /* AdvertisementsListViewController.swift */; };
		BE7D1A052AC184B8007518F9 /* Assets.xcassets in Resources */ = {isa = PBXBuildFile; fileRef = BE7D1A042AC184B8007518F9 /* Assets.xcassets */; };
		BE7D1A082AC184B8007518F9 /* LaunchScreen.storyboard in Resources */ = {isa = PBXBuildFile; fileRef = BE7D1A062AC184B8007518F9 /* LaunchScreen.storyboard */; };
		BE7D1A122AC18C2F007518F9 /* AdvertisementsListViewModel.swift in Sources */ = {isa = PBXBuildFile; fileRef = BE7D1A112AC18C2F007518F9 /* AdvertisementsListViewModel.swift */; };
		BE7D1A142AC18D6E007518F9 /* AdvertisementCell.swift in Sources */ = {isa = PBXBuildFile; fileRef = BE7D1A132AC18D6E007518F9 /* AdvertisementCell.swift */; };
		BE7D1A192AC18E18007518F9 /* UIView+Extension.swift in Sources */ = {isa = PBXBuildFile; fileRef = BE7D1A182AC18E18007518F9 /* UIView+Extension.swift */; };
		BE7D1A1C2AC1A2DE007518F9 /* CollectionViewConfiguration.swift in Sources */ = {isa = PBXBuildFile; fileRef = BE7D1A1B2AC1A2DE007518F9 /* CollectionViewConfiguration.swift */; };
		BE7D1A212AC1B03C007518F9 /* Colors.swift in Sources */ = {isa = PBXBuildFile; fileRef = BE7D1A202AC1B03C007518F9 /* Colors.swift */; };
		BE7D1A232AC1B042007518F9 /* Fonts.swift in Sources */ = {isa = PBXBuildFile; fileRef = BE7D1A222AC1B042007518F9 /* Fonts.swift */; };
		BE7DF73A2AC2CA74002B6D59 /* NetworkClient.swift in Sources */ = {isa = PBXBuildFile; fileRef = BE7DF7392AC2CA74002B6D59 /* NetworkClient.swift */; };
		BE7DF73C2AC2CB24002B6D59 /* AdvertisementsModel.swift in Sources */ = {isa = PBXBuildFile; fileRef = BE7DF73B2AC2CB24002B6D59 /* AdvertisementsModel.swift */; };
		BE7DF73E2AC2CFC7002B6D59 /* URLSession+Extension.swift in Sources */ = {isa = PBXBuildFile; fileRef = BE7DF73D2AC2CFC7002B6D59 /* URLSession+Extension.swift */; };
		BE7DF7402AC2D08D002B6D59 /* Observable.swift in Sources */ = {isa = PBXBuildFile; fileRef = BE7DF73F2AC2D08D002B6D59 /* Observable.swift */; };
		BE7DF7422AC2D3FC002B6D59 /* URLRequest+Extension.swift in Sources */ = {isa = PBXBuildFile; fileRef = BE7DF7412AC2D3FC002B6D59 /* URLRequest+Extension.swift */; };
		BE7DF7442AC2D9EC002B6D59 /* ViewsFactory.swift in Sources */ = {isa = PBXBuildFile; fileRef = BE7DF7432AC2D9EC002B6D59 /* ViewsFactory.swift */; };
		BE7DF7462AC2DD49002B6D59 /* AdvertisementsService.swift in Sources */ = {isa = PBXBuildFile; fileRef = BE7DF7452AC2DD49002B6D59 /* AdvertisementsService.swift */; };
		BE7DF7482AC2E421002B6D59 /* DateFormatters+Presets.swift in Sources */ = {isa = PBXBuildFile; fileRef = BE7DF7472AC2E421002B6D59 /* DateFormatters+Presets.swift */; };
		BE7DF74A2AC2E426002B6D59 /* NumberFormatter+Presets.swift in Sources */ = {isa = PBXBuildFile; fileRef = BE7DF7492AC2E426002B6D59 /* NumberFormatter+Presets.swift */; };
		BE7DF74C2AC2E968002B6D59 /* AdvertisementCellModel.swift in Sources */ = {isa = PBXBuildFile; fileRef = BE7DF74B2AC2E968002B6D59 /* AdvertisementCellModel.swift */; };
		BE7DF7502AC2FB03002B6D59 /* Kingfisher in Frameworks */ = {isa = PBXBuildFile; productRef = BE7DF74F2AC2FB03002B6D59 /* Kingfisher */; };
/* End PBXBuildFile section */

/* Begin PBXFileReference section */
		BE45CB9A2AC2FD26009C5511 /* ScreenState.swift */ = {isa = PBXFileReference; lastKnownFileType = sourcecode.swift; path = ScreenState.swift; sourceTree = "<group>"; };
		BE45CB9C2AC303A9009C5511 /* AlertService.swift */ = {isa = PBXFileReference; fileEncoding = 4; lastKnownFileType = sourcecode.swift; path = AlertService.swift; sourceTree = "<group>"; };
		BE45CBA12AC30AAD009C5511 /* MainNavigationController.swift */ = {isa = PBXFileReference; lastKnownFileType = sourcecode.swift; path = MainNavigationController.swift; sourceTree = "<group>"; };
		BE7D19F82AC184B1007518F9 /* Avito_TestTask.app */ = {isa = PBXFileReference; explicitFileType = wrapper.application; includeInIndex = 0; path = Avito_TestTask.app; sourceTree = BUILT_PRODUCTS_DIR; };
		BE7D19FB2AC184B1007518F9 /* AppDelegate.swift */ = {isa = PBXFileReference; lastKnownFileType = sourcecode.swift; path = AppDelegate.swift; sourceTree = "<group>"; };
		BE7D19FD2AC184B2007518F9 /* SceneDelegate.swift */ = {isa = PBXFileReference; lastKnownFileType = sourcecode.swift; path = SceneDelegate.swift; sourceTree = "<group>"; };
		BE7D19FF2AC184B2007518F9 /* AdvertisementsListViewController.swift */ = {isa = PBXFileReference; lastKnownFileType = sourcecode.swift; path = AdvertisementsListViewController.swift; sourceTree = "<group>"; };
		BE7D1A042AC184B8007518F9 /* Assets.xcassets */ = {isa = PBXFileReference; lastKnownFileType = folder.assetcatalog; path = Assets.xcassets; sourceTree = "<group>"; };
		BE7D1A072AC184B8007518F9 /* Base */ = {isa = PBXFileReference; lastKnownFileType = file.storyboard; name = Base; path = Base.lproj/LaunchScreen.storyboard; sourceTree = "<group>"; };
		BE7D1A092AC184B8007518F9 /* Info.plist */ = {isa = PBXFileReference; lastKnownFileType = text.plist.xml; path = Info.plist; sourceTree = "<group>"; };
		BE7D1A112AC18C2F007518F9 /* AdvertisementsListViewModel.swift */ = {isa = PBXFileReference; lastKnownFileType = sourcecode.swift; path = AdvertisementsListViewModel.swift; sourceTree = "<group>"; };
		BE7D1A132AC18D6E007518F9 /* AdvertisementCell.swift */ = {isa = PBXFileReference; lastKnownFileType = sourcecode.swift; path = AdvertisementCell.swift; sourceTree = "<group>"; };
		BE7D1A182AC18E18007518F9 /* UIView+Extension.swift */ = {isa = PBXFileReference; lastKnownFileType = sourcecode.swift; path = "UIView+Extension.swift"; sourceTree = "<group>"; };
		BE7D1A1B2AC1A2DE007518F9 /* CollectionViewConfiguration.swift */ = {isa = PBXFileReference; lastKnownFileType = sourcecode.swift; path = CollectionViewConfiguration.swift; sourceTree = "<group>"; };
		BE7D1A202AC1B03C007518F9 /* Colors.swift */ = {isa = PBXFileReference; fileEncoding = 4; lastKnownFileType = sourcecode.swift; path = Colors.swift; sourceTree = "<group>"; };
		BE7D1A222AC1B042007518F9 /* Fonts.swift */ = {isa = PBXFileReference; fileEncoding = 4; lastKnownFileType = sourcecode.swift; path = Fonts.swift; sourceTree = "<group>"; };
		BE7DF7392AC2CA74002B6D59 /* NetworkClient.swift */ = {isa = PBXFileReference; lastKnownFileType = sourcecode.swift; path = NetworkClient.swift; sourceTree = "<group>"; };
		BE7DF73B2AC2CB24002B6D59 /* AdvertisementsModel.swift */ = {isa = PBXFileReference; lastKnownFileType = sourcecode.swift; path = AdvertisementsModel.swift; sourceTree = "<group>"; };
		BE7DF73D2AC2CFC7002B6D59 /* URLSession+Extension.swift */ = {isa = PBXFileReference; fileEncoding = 4; lastKnownFileType = sourcecode.swift; path = "URLSession+Extension.swift"; sourceTree = "<group>"; };
		BE7DF73F2AC2D08D002B6D59 /* Observable.swift */ = {isa = PBXFileReference; fileEncoding = 4; lastKnownFileType = sourcecode.swift; path = Observable.swift; sourceTree = "<group>"; };
		BE7DF7412AC2D3FC002B6D59 /* URLRequest+Extension.swift */ = {isa = PBXFileReference; fileEncoding = 4; lastKnownFileType = sourcecode.swift; path = "URLRequest+Extension.swift"; sourceTree = "<group>"; };
		BE7DF7432AC2D9EC002B6D59 /* ViewsFactory.swift */ = {isa = PBXFileReference; lastKnownFileType = sourcecode.swift; path = ViewsFactory.swift; sourceTree = "<group>"; };
		BE7DF7452AC2DD49002B6D59 /* AdvertisementsService.swift */ = {isa = PBXFileReference; lastKnownFileType = sourcecode.swift; path = AdvertisementsService.swift; sourceTree = "<group>"; };
		BE7DF7472AC2E421002B6D59 /* DateFormatters+Presets.swift */ = {isa = PBXFileReference; fileEncoding = 4; lastKnownFileType = sourcecode.swift; path = "DateFormatters+Presets.swift"; sourceTree = "<group>"; };
		BE7DF7492AC2E426002B6D59 /* NumberFormatter+Presets.swift */ = {isa = PBXFileReference; fileEncoding = 4; lastKnownFileType = sourcecode.swift; path = "NumberFormatter+Presets.swift"; sourceTree = "<group>"; };
		BE7DF74B2AC2E968002B6D59 /* AdvertisementCellModel.swift */ = {isa = PBXFileReference; lastKnownFileType = sourcecode.swift; path = AdvertisementCellModel.swift; sourceTree = "<group>"; };
/* End PBXFileReference section */

/* Begin PBXFrameworksBuildPhase section */
		BE7D19F52AC184B1007518F9 /* Frameworks */ = {
			isa = PBXFrameworksBuildPhase;
			buildActionMask = 2147483647;
			files = (
				BE7DF7502AC2FB03002B6D59 /* Kingfisher in Frameworks */,
				BE45CBA02AC30721009C5511 /* ProgressHUD in Frameworks */,
			);
			runOnlyForDeploymentPostprocessing = 0;
		};
/* End PBXFrameworksBuildPhase section */

/* Begin PBXGroup section */
		BE7D19EF2AC184B1007518F9 = {
			isa = PBXGroup;
			children = (
				BE7D19FA2AC184B1007518F9 /* Avito_TestTask */,
				BE7D19F92AC184B1007518F9 /* Products */,
			);
			sourceTree = "<group>";
		};
		BE7D19F92AC184B1007518F9 /* Products */ = {
			isa = PBXGroup;
			children = (
				BE7D19F82AC184B1007518F9 /* Avito_TestTask.app */,
			);
			name = Products;
			sourceTree = "<group>";
		};
		BE7D19FA2AC184B1007518F9 /* Avito_TestTask */ = {
			isa = PBXGroup;
			children = (
				BE7D1A0F2AC188F9007518F9 /* Application */,
				BE7D1A1F2AC1B001007518F9 /* DesignSystem */,
				BE7DF7382AC2CA40002B6D59 /* Network */,
				BE7D1A1E2AC1A7BD007518F9 /* Screens */,
				BE7D1A172AC18E06007518F9 /* Extensions */,
				BE7D1A1A2AC1A29A007518F9 /* Helpers */,
				BE7D1A102AC1890C007518F9 /* SupportFiles */,
			);
			path = Avito_TestTask;
			sourceTree = "<group>";
		};
		BE7D1A0F2AC188F9007518F9 /* Application */ = {
			isa = PBXGroup;
			children = (
				BE7D19FB2AC184B1007518F9 /* AppDelegate.swift */,
				BE7D19FD2AC184B2007518F9 /* SceneDelegate.swift */,
			);
			path = Application;
			sourceTree = "<group>";
		};
		BE7D1A102AC1890C007518F9 /* SupportFiles */ = {
			isa = PBXGroup;
			children = (
				BE7D1A092AC184B8007518F9 /* Info.plist */,
				BE7D1A042AC184B8007518F9 /* Assets.xcassets */,
				BE7D1A062AC184B8007518F9 /* LaunchScreen.storyboard */,
			);
			path = SupportFiles;
			sourceTree = "<group>";
		};
		BE7D1A172AC18E06007518F9 /* Extensions */ = {
			isa = PBXGroup;
			children = (
				BE7D1A182AC18E18007518F9 /* UIView+Extension.swift */,
				BE7DF73D2AC2CFC7002B6D59 /* URLSession+Extension.swift */,
				BE7DF7412AC2D3FC002B6D59 /* URLRequest+Extension.swift */,
				BE7DF7472AC2E421002B6D59 /* DateFormatters+Presets.swift */,
				BE7DF7492AC2E426002B6D59 /* NumberFormatter+Presets.swift */,
			);
			path = Extensions;
			sourceTree = "<group>";
		};
		BE7D1A1A2AC1A29A007518F9 /* Helpers */ = {
			isa = PBXGroup;
			children = (
				BE45CB9C2AC303A9009C5511 /* AlertService.swift */,
				BE7DF73F2AC2D08D002B6D59 /* Observable.swift */,
				BE7D1A1B2AC1A2DE007518F9 /* CollectionViewConfiguration.swift */,
				BE7DF7432AC2D9EC002B6D59 /* ViewsFactory.swift */,
				BE45CB9A2AC2FD26009C5511 /* ScreenState.swift */,
			);
			path = Helpers;
			sourceTree = "<group>";
		};
		BE7D1A1D2AC1A7A5007518F9 /* AdvertisementsList */ = {
			isa = PBXGroup;
			children = (
				BE7D19FF2AC184B2007518F9 /* AdvertisementsListViewController.swift */,
				BE7D1A112AC18C2F007518F9 /* AdvertisementsListViewModel.swift */,
				BE7D1A132AC18D6E007518F9 /* AdvertisementCell.swift */,
				BE7DF74B2AC2E968002B6D59 /* AdvertisementCellModel.swift */,
			);
			path = AdvertisementsList;
			sourceTree = "<group>";
		};
		BE7D1A1E2AC1A7BD007518F9 /* Screens */ = {
			isa = PBXGroup;
			children = (
				BE45CBA12AC30AAD009C5511 /* MainNavigationController.swift */,
				BE7D1A1D2AC1A7A5007518F9 /* AdvertisementsList */,
				BE7DF74D2AC2F10F002B6D59 /* AdvertisementsDetails */,
			);
			path = Screens;
			sourceTree = "<group>";
		};
		BE7D1A1F2AC1B001007518F9 /* DesignSystem */ = {
			isa = PBXGroup;
			children = (
				BE7D1A202AC1B03C007518F9 /* Colors.swift */,
				BE7D1A222AC1B042007518F9 /* Fonts.swift */,
			);
			path = DesignSystem;
			sourceTree = "<group>";
		};
		BE7DF7382AC2CA40002B6D59 /* Network */ = {
			isa = PBXGroup;
			children = (
				BE7DF7392AC2CA74002B6D59 /* NetworkClient.swift */,
				BE7DF73B2AC2CB24002B6D59 /* AdvertisementsModel.swift */,
				BE7DF7452AC2DD49002B6D59 /* AdvertisementsService.swift */,
			);
			path = Network;
			sourceTree = "<group>";
		};
		BE7DF74D2AC2F10F002B6D59 /* AdvertisementsDetails */ = {
			isa = PBXGroup;
			children = (
			);
			path = AdvertisementsDetails;
			sourceTree = "<group>";
		};
/* End PBXGroup section */

/* Begin PBXNativeTarget section */
		BE7D19F72AC184B1007518F9 /* Avito_TestTask */ = {
			isa = PBXNativeTarget;
			buildConfigurationList = BE7D1A0C2AC184B8007518F9 /* Build configuration list for PBXNativeTarget "Avito_TestTask" */;
			buildPhases = (
				BE7D19F42AC184B1007518F9 /* Sources */,
				BE7D19F52AC184B1007518F9 /* Frameworks */,
				BE7D19F62AC184B1007518F9 /* Resources */,
			);
			buildRules = (
			);
			dependencies = (
			);
			name = Avito_TestTask;
			packageProductDependencies = (
				BE7DF74F2AC2FB03002B6D59 /* Kingfisher */,
				BE45CB9F2AC30721009C5511 /* ProgressHUD */,
			);
			productName = Avito_TestTask;
			productReference = BE7D19F82AC184B1007518F9 /* Avito_TestTask.app */;
			productType = "com.apple.product-type.application";
		};
/* End PBXNativeTarget section */

/* Begin PBXProject section */
		BE7D19F02AC184B1007518F9 /* Project object */ = {
			isa = PBXProject;
			attributes = {
				BuildIndependentTargetsInParallel = 1;
				LastSwiftUpdateCheck = 1500;
				LastUpgradeCheck = 1500;
				TargetAttributes = {
					BE7D19F72AC184B1007518F9 = {
						CreatedOnToolsVersion = 15.0;
					};
				};
			};
			buildConfigurationList = BE7D19F32AC184B1007518F9 /* Build configuration list for PBXProject "Avito_TestTask" */;
			compatibilityVersion = "Xcode 14.0";
			developmentRegion = en;
			hasScannedForEncodings = 0;
			knownRegions = (
				en,
				Base,
			);
			mainGroup = BE7D19EF2AC184B1007518F9;
			packageReferences = (
				BE7DF74E2AC2FB02002B6D59 /* XCRemoteSwiftPackageReference "Kingfisher" */,
				BE45CB9E2AC30721009C5511 /* XCRemoteSwiftPackageReference "ProgressHUD" */,
			);
			productRefGroup = BE7D19F92AC184B1007518F9 /* Products */;
			projectDirPath = "";
			projectRoot = "";
			targets = (
				BE7D19F72AC184B1007518F9 /* Avito_TestTask */,
			);
		};
/* End PBXProject section */

/* Begin PBXResourcesBuildPhase section */
		BE7D19F62AC184B1007518F9 /* Resources */ = {
			isa = PBXResourcesBuildPhase;
			buildActionMask = 2147483647;
			files = (
				BE7D1A082AC184B8007518F9 /* LaunchScreen.storyboard in Resources */,
				BE7D1A052AC184B8007518F9 /* Assets.xcassets in Resources */,
			);
			runOnlyForDeploymentPostprocessing = 0;
		};
/* End PBXResourcesBuildPhase section */

/* Begin PBXSourcesBuildPhase section */
		BE7D19F42AC184B1007518F9 /* Sources */ = {
			isa = PBXSourcesBuildPhase;
			buildActionMask = 2147483647;
			files = (
				BE7DF7402AC2D08D002B6D59 /* Observable.swift in Sources */,
				BE7DF74C2AC2E968002B6D59 /* AdvertisementCellModel.swift in Sources */,
				BE7DF7422AC2D3FC002B6D59 /* URLRequest+Extension.swift in Sources */,
				BE7D1A1C2AC1A2DE007518F9 /* CollectionViewConfiguration.swift in Sources */,
				BE7DF7482AC2E421002B6D59 /* DateFormatters+Presets.swift in Sources */,
				BE45CB9B2AC2FD26009C5511 /* ScreenState.swift in Sources */,
				BE7DF7442AC2D9EC002B6D59 /* ViewsFactory.swift in Sources */,
				BE7DF73A2AC2CA74002B6D59 /* NetworkClient.swift in Sources */,
				BE7DF7462AC2DD49002B6D59 /* AdvertisementsService.swift in Sources */,
				BE7D1A212AC1B03C007518F9 /* Colors.swift in Sources */,
				BE7D1A192AC18E18007518F9 /* UIView+Extension.swift in Sources */,
				BE7D1A002AC184B2007518F9 /* AdvertisementsListViewController.swift in Sources */,
				BE7DF74A2AC2E426002B6D59 /* NumberFormatter+Presets.swift in Sources */,
				BE45CB9D2AC303AA009C5511 /* AlertService.swift in Sources */,
				BE45CBA22AC30AAD009C5511 /* MainNavigationController.swift in Sources */,
				BE7D19FC2AC184B1007518F9 /* AppDelegate.swift in Sources */,
				BE7D1A142AC18D6E007518F9 /* AdvertisementCell.swift in Sources */,
				BE7DF73C2AC2CB24002B6D59 /* AdvertisementsModel.swift in Sources */,
				BE7DF73E2AC2CFC7002B6D59 /* URLSession+Extension.swift in Sources */,
				BE7D1A122AC18C2F007518F9 /* AdvertisementsListViewModel.swift in Sources */,
				BE7D1A232AC1B042007518F9 /* Fonts.swift in Sources */,
				BE7D19FE2AC184B2007518F9 /* SceneDelegate.swift in Sources */,
			);
			runOnlyForDeploymentPostprocessing = 0;
		};
/* End PBXSourcesBuildPhase section */

/* Begin PBXVariantGroup section */
		BE7D1A062AC184B8007518F9 /* LaunchScreen.storyboard */ = {
			isa = PBXVariantGroup;
			children = (
				BE7D1A072AC184B8007518F9 /* Base */,
			);
			name = LaunchScreen.storyboard;
			sourceTree = "<group>";
		};
/* End PBXVariantGroup section */

/* Begin XCBuildConfiguration section */
		BE7D1A0A2AC184B8007518F9 /* Debug */ = {
			isa = XCBuildConfiguration;
			buildSettings = {
				ALWAYS_SEARCH_USER_PATHS = NO;
				ASSETCATALOG_COMPILER_GENERATE_SWIFT_ASSET_SYMBOL_EXTENSIONS = YES;
				CLANG_ANALYZER_NONNULL = YES;
				CLANG_ANALYZER_NUMBER_OBJECT_CONVERSION = YES_AGGRESSIVE;
				CLANG_CXX_LANGUAGE_STANDARD = "gnu++20";
				CLANG_ENABLE_MODULES = YES;
				CLANG_ENABLE_OBJC_ARC = YES;
				CLANG_ENABLE_OBJC_WEAK = YES;
				CLANG_WARN_BLOCK_CAPTURE_AUTORELEASING = YES;
				CLANG_WARN_BOOL_CONVERSION = YES;
				CLANG_WARN_COMMA = YES;
				CLANG_WARN_CONSTANT_CONVERSION = YES;
				CLANG_WARN_DEPRECATED_OBJC_IMPLEMENTATIONS = YES;
				CLANG_WARN_DIRECT_OBJC_ISA_USAGE = YES_ERROR;
				CLANG_WARN_DOCUMENTATION_COMMENTS = YES;
				CLANG_WARN_EMPTY_BODY = YES;
				CLANG_WARN_ENUM_CONVERSION = YES;
				CLANG_WARN_INFINITE_RECURSION = YES;
				CLANG_WARN_INT_CONVERSION = YES;
				CLANG_WARN_NON_LITERAL_NULL_CONVERSION = YES;
				CLANG_WARN_OBJC_IMPLICIT_RETAIN_SELF = YES;
				CLANG_WARN_OBJC_LITERAL_CONVERSION = YES;
				CLANG_WARN_OBJC_ROOT_CLASS = YES_ERROR;
				CLANG_WARN_QUOTED_INCLUDE_IN_FRAMEWORK_HEADER = YES;
				CLANG_WARN_RANGE_LOOP_ANALYSIS = YES;
				CLANG_WARN_STRICT_PROTOTYPES = YES;
				CLANG_WARN_SUSPICIOUS_MOVE = YES;
				CLANG_WARN_UNGUARDED_AVAILABILITY = YES_AGGRESSIVE;
				CLANG_WARN_UNREACHABLE_CODE = YES;
				CLANG_WARN__DUPLICATE_METHOD_MATCH = YES;
				COPY_PHASE_STRIP = NO;
				DEBUG_INFORMATION_FORMAT = dwarf;
				ENABLE_STRICT_OBJC_MSGSEND = YES;
				ENABLE_TESTABILITY = YES;
				ENABLE_USER_SCRIPT_SANDBOXING = YES;
				GCC_C_LANGUAGE_STANDARD = gnu17;
				GCC_DYNAMIC_NO_PIC = NO;
				GCC_NO_COMMON_BLOCKS = YES;
				GCC_OPTIMIZATION_LEVEL = 0;
				GCC_PREPROCESSOR_DEFINITIONS = (
					"DEBUG=1",
					"$(inherited)",
				);
				GCC_WARN_64_TO_32_BIT_CONVERSION = YES;
				GCC_WARN_ABOUT_RETURN_TYPE = YES_ERROR;
				GCC_WARN_UNDECLARED_SELECTOR = YES;
				GCC_WARN_UNINITIALIZED_AUTOS = YES_AGGRESSIVE;
				GCC_WARN_UNUSED_FUNCTION = YES;
				GCC_WARN_UNUSED_VARIABLE = YES;
				IPHONEOS_DEPLOYMENT_TARGET = 13.0;
				LOCALIZATION_PREFERS_STRING_CATALOGS = YES;
				MTL_ENABLE_DEBUG_INFO = INCLUDE_SOURCE;
				MTL_FAST_MATH = YES;
				ONLY_ACTIVE_ARCH = YES;
				SDKROOT = iphoneos;
				SWIFT_ACTIVE_COMPILATION_CONDITIONS = "DEBUG $(inherited)";
				SWIFT_OPTIMIZATION_LEVEL = "-Onone";
			};
			name = Debug;
		};
		BE7D1A0B2AC184B8007518F9 /* Release */ = {
			isa = XCBuildConfiguration;
			buildSettings = {
				ALWAYS_SEARCH_USER_PATHS = NO;
				ASSETCATALOG_COMPILER_GENERATE_SWIFT_ASSET_SYMBOL_EXTENSIONS = YES;
				CLANG_ANALYZER_NONNULL = YES;
				CLANG_ANALYZER_NUMBER_OBJECT_CONVERSION = YES_AGGRESSIVE;
				CLANG_CXX_LANGUAGE_STANDARD = "gnu++20";
				CLANG_ENABLE_MODULES = YES;
				CLANG_ENABLE_OBJC_ARC = YES;
				CLANG_ENABLE_OBJC_WEAK = YES;
				CLANG_WARN_BLOCK_CAPTURE_AUTORELEASING = YES;
				CLANG_WARN_BOOL_CONVERSION = YES;
				CLANG_WARN_COMMA = YES;
				CLANG_WARN_CONSTANT_CONVERSION = YES;
				CLANG_WARN_DEPRECATED_OBJC_IMPLEMENTATIONS = YES;
				CLANG_WARN_DIRECT_OBJC_ISA_USAGE = YES_ERROR;
				CLANG_WARN_DOCUMENTATION_COMMENTS = YES;
				CLANG_WARN_EMPTY_BODY = YES;
				CLANG_WARN_ENUM_CONVERSION = YES;
				CLANG_WARN_INFINITE_RECURSION = YES;
				CLANG_WARN_INT_CONVERSION = YES;
				CLANG_WARN_NON_LITERAL_NULL_CONVERSION = YES;
				CLANG_WARN_OBJC_IMPLICIT_RETAIN_SELF = YES;
				CLANG_WARN_OBJC_LITERAL_CONVERSION = YES;
				CLANG_WARN_OBJC_ROOT_CLASS = YES_ERROR;
				CLANG_WARN_QUOTED_INCLUDE_IN_FRAMEWORK_HEADER = YES;
				CLANG_WARN_RANGE_LOOP_ANALYSIS = YES;
				CLANG_WARN_STRICT_PROTOTYPES = YES;
				CLANG_WARN_SUSPICIOUS_MOVE = YES;
				CLANG_WARN_UNGUARDED_AVAILABILITY = YES_AGGRESSIVE;
				CLANG_WARN_UNREACHABLE_CODE = YES;
				CLANG_WARN__DUPLICATE_METHOD_MATCH = YES;
				COPY_PHASE_STRIP = NO;
				DEBUG_INFORMATION_FORMAT = "dwarf-with-dsym";
				ENABLE_NS_ASSERTIONS = NO;
				ENABLE_STRICT_OBJC_MSGSEND = YES;
				ENABLE_USER_SCRIPT_SANDBOXING = YES;
				GCC_C_LANGUAGE_STANDARD = gnu17;
				GCC_NO_COMMON_BLOCKS = YES;
				GCC_WARN_64_TO_32_BIT_CONVERSION = YES;
				GCC_WARN_ABOUT_RETURN_TYPE = YES_ERROR;
				GCC_WARN_UNDECLARED_SELECTOR = YES;
				GCC_WARN_UNINITIALIZED_AUTOS = YES_AGGRESSIVE;
				GCC_WARN_UNUSED_FUNCTION = YES;
				GCC_WARN_UNUSED_VARIABLE = YES;
				IPHONEOS_DEPLOYMENT_TARGET = 13.0;
				LOCALIZATION_PREFERS_STRING_CATALOGS = YES;
				MTL_ENABLE_DEBUG_INFO = NO;
				MTL_FAST_MATH = YES;
				SDKROOT = iphoneos;
				SWIFT_COMPILATION_MODE = wholemodule;
				VALIDATE_PRODUCT = YES;
			};
			name = Release;
		};
		BE7D1A0D2AC184B8007518F9 /* Debug */ = {
			isa = XCBuildConfiguration;
			buildSettings = {
				ASSETCATALOG_COMPILER_APPICON_NAME = AppIcon;
				ASSETCATALOG_COMPILER_GLOBAL_ACCENT_COLOR_NAME = AccentColor;
				CODE_SIGN_STYLE = Automatic;
				CURRENT_PROJECT_VERSION = 1;
				DEVELOPMENT_TEAM = 3YZWNV863X;
				GENERATE_INFOPLIST_FILE = YES;
				INFOPLIST_FILE = Avito_TestTask/SupportFiles/Info.plist;
				INFOPLIST_KEY_UIApplicationSupportsIndirectInputEvents = YES;
				INFOPLIST_KEY_UILaunchStoryboardName = LaunchScreen;
				INFOPLIST_KEY_UISupportedInterfaceOrientations = UIInterfaceOrientationPortrait;
				INFOPLIST_KEY_UISupportedInterfaceOrientations_iPad = "UIInterfaceOrientationLandscapeLeft UIInterfaceOrientationLandscapeRight UIInterfaceOrientationPortrait UIInterfaceOrientationPortraitUpsideDown";
				IPHONEOS_DEPLOYMENT_TARGET = 13.0;
				LD_RUNPATH_SEARCH_PATHS = (
					"$(inherited)",
					"@executable_path/Frameworks",
				);
				MARKETING_VERSION = 1.0;
				PRODUCT_BUNDLE_IDENTIFIER = "pavel.afanasiev.Avito-TestTask";
				PRODUCT_NAME = "$(TARGET_NAME)";
				SUPPORTED_PLATFORMS = "iphoneos iphonesimulator";
				SUPPORTS_MACCATALYST = NO;
				SUPPORTS_MAC_DESIGNED_FOR_IPHONE_IPAD = NO;
				SWIFT_EMIT_LOC_STRINGS = YES;
				SWIFT_VERSION = 5.0;
				TARGETED_DEVICE_FAMILY = 1;
			};
			name = Debug;
		};
		BE7D1A0E2AC184B8007518F9 /* Release */ = {
			isa = XCBuildConfiguration;
			buildSettings = {
				ASSETCATALOG_COMPILER_APPICON_NAME = AppIcon;
				ASSETCATALOG_COMPILER_GLOBAL_ACCENT_COLOR_NAME = AccentColor;
				CODE_SIGN_STYLE = Automatic;
				CURRENT_PROJECT_VERSION = 1;
				DEVELOPMENT_TEAM = 3YZWNV863X;
				GENERATE_INFOPLIST_FILE = YES;
				INFOPLIST_FILE = Avito_TestTask/SupportFiles/Info.plist;
				INFOPLIST_KEY_UIApplicationSupportsIndirectInputEvents = YES;
				INFOPLIST_KEY_UILaunchStoryboardName = LaunchScreen;
				INFOPLIST_KEY_UISupportedInterfaceOrientations = UIInterfaceOrientationPortrait;
				INFOPLIST_KEY_UISupportedInterfaceOrientations_iPad = "UIInterfaceOrientationLandscapeLeft UIInterfaceOrientationLandscapeRight UIInterfaceOrientationPortrait UIInterfaceOrientationPortraitUpsideDown";
				IPHONEOS_DEPLOYMENT_TARGET = 13.0;
				LD_RUNPATH_SEARCH_PATHS = (
					"$(inherited)",
					"@executable_path/Frameworks",
				);
				MARKETING_VERSION = 1.0;
				PRODUCT_BUNDLE_IDENTIFIER = "pavel.afanasiev.Avito-TestTask";
				PRODUCT_NAME = "$(TARGET_NAME)";
				SUPPORTED_PLATFORMS = "iphoneos iphonesimulator";
				SUPPORTS_MACCATALYST = NO;
				SUPPORTS_MAC_DESIGNED_FOR_IPHONE_IPAD = NO;
				SWIFT_EMIT_LOC_STRINGS = YES;
				SWIFT_VERSION = 5.0;
				TARGETED_DEVICE_FAMILY = 1;
			};
			name = Release;
		};
/* End XCBuildConfiguration section */

/* Begin XCConfigurationList section */
		BE7D19F32AC184B1007518F9 /* Build configuration list for PBXProject "Avito_TestTask" */ = {
			isa = XCConfigurationList;
			buildConfigurations = (
				BE7D1A0A2AC184B8007518F9 /* Debug */,
				BE7D1A0B2AC184B8007518F9 /* Release */,
			);
			defaultConfigurationIsVisible = 0;
			defaultConfigurationName = Release;
		};
		BE7D1A0C2AC184B8007518F9 /* Build configuration list for PBXNativeTarget "Avito_TestTask" */ = {
			isa = XCConfigurationList;
			buildConfigurations = (
				BE7D1A0D2AC184B8007518F9 /* Debug */,
				BE7D1A0E2AC184B8007518F9 /* Release */,
			);
			defaultConfigurationIsVisible = 0;
			defaultConfigurationName = Release;
		};
/* End XCConfigurationList section */

/* Begin XCRemoteSwiftPackageReference section */
		BE45CB9E2AC30721009C5511 /* XCRemoteSwiftPackageReference "ProgressHUD" */ = {
			isa = XCRemoteSwiftPackageReference;
			repositoryURL = "https://github.com/relatedcode/ProgressHUD";
			requirement = {
				kind = upToNextMajorVersion;
				minimumVersion = 13.7.2;
			};
		};
		BE7DF74E2AC2FB02002B6D59 /* XCRemoteSwiftPackageReference "Kingfisher" */ = {
			isa = XCRemoteSwiftPackageReference;
			repositoryURL = "https://github.com/onevcat/Kingfisher";
			requirement = {
				kind = upToNextMajorVersion;
				minimumVersion = 7.9.1;
			};
		};
/* End XCRemoteSwiftPackageReference section */

/* Begin XCSwiftPackageProductDependency section */
		BE45CB9F2AC30721009C5511 /* ProgressHUD */ = {
			isa = XCSwiftPackageProductDependency;
			package = BE45CB9E2AC30721009C5511 /* XCRemoteSwiftPackageReference "ProgressHUD" */;
			productName = ProgressHUD;
		};
		BE7DF74F2AC2FB03002B6D59 /* Kingfisher */ = {
			isa = XCSwiftPackageProductDependency;
			package = BE7DF74E2AC2FB02002B6D59 /* XCRemoteSwiftPackageReference "Kingfisher" */;
			productName = Kingfisher;
		};
/* End XCSwiftPackageProductDependency section */
	};
	rootObject = BE7D19F02AC184B1007518F9 /* Project object */;
}
